
Microsoft Visual Studio Solution File, Format Version 12.00
# Visual Studio Version 17
VisualStudioVersion = 17.5.002.0
MinimumVisualStudioVersion = 10.0.40219.1
Project("{9A19103F-16F7-4668-BE54-9A1E7A4F7556}") = "ProjetoMVC", "MVC\ProjetoMVC.csproj", "{D50F8CB4-D207-441D-A1BD-41671B428E50}"
EndProject
Project("{9A19103F-16F7-4668-BE54-9A1E7A4F7556}") = "ModuloAPI", "WebAPI\ModuloAPI.csproj", "{363E3DA7-56D8-4CE0-A527-CD8F95C76FED}"
EndProject
Global
	GlobalSection(SolutionConfigurationPlatforms) = preSolution
		Debug|Any CPU = Debug|Any CPU
		Release|Any CPU = Release|Any CPU
	EndGlobalSection
	GlobalSection(ProjectConfigurationPlatforms) = postSolution
		{D50F8CB4-D207-441D-A1BD-41671B428E50}.Debug|Any CPU.ActiveCfg = Debug|Any CPU
		{D50F8CB4-D207-441D-A1BD-41671B428E50}.Debug|Any CPU.Build.0 = Debug|Any CPU
		{D50F8CB4-D207-441D-A1BD-41671B428E50}.Release|Any CPU.ActiveCfg = Release|Any CPU
		{D50F8CB4-D207-441D-A1BD-41671B428E50}.Release|Any CPU.Build.0 = Release|Any CPU
		{363E3DA7-56D8-4CE0-A527-CD8F95C76FED}.Debug|Any CPU.ActiveCfg = Debug|Any CPU
		{363E3DA7-56D8-4CE0-A527-CD8F95C76FED}.Debug|Any CPU.Build.0 = Debug|Any CPU
		{363E3DA7-56D8-4CE0-A527-CD8F95C76FED}.Release|Any CPU.ActiveCfg = Release|Any CPU
		{363E3DA7-56D8-4CE0-A527-CD8F95C76FED}.Release|Any CPU.Build.0 = Release|Any CPU
	EndGlobalSection
	GlobalSection(SolutionProperties) = preSolution
		HideSolutionNode = FALSE
	EndGlobalSection
	GlobalSection(ExtensibilityGlobals) = postSolution
		SolutionGuid = {8FFF55A7-6494-41BE-A831-E26329C03ABF}
	EndGlobalSection
EndGlobal
